// !$*UTF8*$!
{
	archiveVersion = 1;
	classes = {
	};
	objectVersion = 52;
	objects = {

/* Begin PBXBuildFile section */
		C62BD0F2260BA7C60049BC5E /* Kingfisher in Frameworks */ = {isa = PBXBuildFile; productRef = C62BD0F1260BA7C60049BC5E /* Kingfisher */; };
		C62BD0FD260BA9B10049BC5E /* .swiftlint.yml in Resources */ = {isa = PBXBuildFile; fileRef = C62BD0FC260BA9B10049BC5E /* .swiftlint.yml */; };
		C62BD126260BB2260049BC5E /* BaseRepository.swift in Sources */ = {isa = PBXBuildFile; fileRef = C62BD125260BB2260049BC5E /* BaseRepository.swift */; };
		C62BD131260BB5970049BC5E /* MarvelCharactersRepository.swift in Sources */ = {isa = PBXBuildFile; fileRef = C62BD130260BB5970049BC5E /* MarvelCharactersRepository.swift */; };
		C62BD139260BB6CA0049BC5E /* FetchCharactersResponse.swift in Sources */ = {isa = PBXBuildFile; fileRef = C62BD138260BB6CA0049BC5E /* FetchCharactersResponse.swift */; };
		C62BD148260BB92C0049BC5E /* Character.swift in Sources */ = {isa = PBXBuildFile; fileRef = C6DEB8E0260A696900855358 /* Character.swift */; };
		C62BD14A260BB92C0049BC5E /* CharactersListViewController.swift in Sources */ = {isa = PBXBuildFile; fileRef = C682DED22609630100F5329D /* CharactersListViewController.swift */; };
		C62BD14D260BB92C0049BC5E /* CharactersListPresenter.swift in Sources */ = {isa = PBXBuildFile; fileRef = C682DEDF2609636A00F5329D /* CharactersListPresenter.swift */; };
		C62BD14E260BB92C0049BC5E /* FetchCharactersResponse.swift in Sources */ = {isa = PBXBuildFile; fileRef = C62BD138260BB6CA0049BC5E /* FetchCharactersResponse.swift */; };
		C62BD14F260BB92C0049BC5E /* CharactersListRouter.swift in Sources */ = {isa = PBXBuildFile; fileRef = C682DEE4260963C600F5329D /* CharactersListRouter.swift */; };
		C62BD150260BB92C0049BC5E /* AppDelegate.swift in Sources */ = {isa = PBXBuildFile; fileRef = C682DE9D2609520A00F5329D /* AppDelegate.swift */; };
		C62BD152260BB92C0049BC5E /* FetchCharactersModels.swift in Sources */ = {isa = PBXBuildFile; fileRef = C6DEB8D7260A4CF700855358 /* FetchCharactersModels.swift */; };
		C62BD154260BB92C0049BC5E /* CharactersListInteractor.swift in Sources */ = {isa = PBXBuildFile; fileRef = C682DEDA2609635000F5329D /* CharactersListInteractor.swift */; };
		C62BD155260BB92C0049BC5E /* SceneDelegate.swift in Sources */ = {isa = PBXBuildFile; fileRef = C682DE9F2609520A00F5329D /* SceneDelegate.swift */; };
		C62BD157260BB92C0049BC5E /* Kingfisher in Frameworks */ = {isa = PBXBuildFile; productRef = C62BD144260BB92C0049BC5E /* Kingfisher */; };
		C62BD159260BB92C0049BC5E /* .swiftlint.yml in Resources */ = {isa = PBXBuildFile; fileRef = C62BD0FC260BA9B10049BC5E /* .swiftlint.yml */; };
		C62BD15A260BB92C0049BC5E /* LaunchScreen.storyboard in Resources */ = {isa = PBXBuildFile; fileRef = C682DEA82609520B00F5329D /* LaunchScreen.storyboard */; };
		C62BD15B260BB92C0049BC5E /* Assets.xcassets in Resources */ = {isa = PBXBuildFile; fileRef = C682DEA62609520B00F5329D /* Assets.xcassets */; };
		C62BD15C260BB92C0049BC5E /* Main.storyboard in Resources */ = {isa = PBXBuildFile; fileRef = C682DEA32609520A00F5329D /* Main.storyboard */; };
		C62BD180260BBB370049BC5E /* MarvelCharactersRepositoryMock.swift in Sources */ = {isa = PBXBuildFile; fileRef = C62BD17F260BBB370049BC5E /* MarvelCharactersRepositoryMock.swift */; };
		C62BD186260BBCA00049BC5E /* UtilitiesWorker.swift in Sources */ = {isa = PBXBuildFile; fileRef = C62BD185260BBCA00049BC5E /* UtilitiesWorker.swift */; };
		C62BD187260BBCA00049BC5E /* UtilitiesWorker.swift in Sources */ = {isa = PBXBuildFile; fileRef = C62BD185260BBCA00049BC5E /* UtilitiesWorker.swift */; };
		C62BD190260BBDDF0049BC5E /* FetchCharactersResponse.json in Resources */ = {isa = PBXBuildFile; fileRef = C62BD18F260BBDDF0049BC5E /* FetchCharactersResponse.json */; };
		C62BD197260BCAB70049BC5E /* MBProgressHUD in Frameworks */ = {isa = PBXBuildFile; productRef = C62BD196260BCAB70049BC5E /* MBProgressHUD */; };
		C62BD19E260BCACD0049BC5E /* MBProgressHUD in Frameworks */ = {isa = PBXBuildFile; productRef = C62BD19D260BCACD0049BC5E /* MBProgressHUD */; };
		C62BD1A4260BCAE90049BC5E /* BaseViewController.swift in Sources */ = {isa = PBXBuildFile; fileRef = C62BD1A3260BCAE90049BC5E /* BaseViewController.swift */; };
		C62BD1A5260BCAE90049BC5E /* BaseViewController.swift in Sources */ = {isa = PBXBuildFile; fileRef = C62BD1A3260BCAE90049BC5E /* BaseViewController.swift */; };
		C62BD1D8260BD3DE0049BC5E /* CharacterDetailInteractor.swift in Sources */ = {isa = PBXBuildFile; fileRef = C62BD1D7260BD3DE0049BC5E /* CharacterDetailInteractor.swift */; };
		C62BD1D9260BD3DE0049BC5E /* CharacterDetailInteractor.swift in Sources */ = {isa = PBXBuildFile; fileRef = C62BD1D7260BD3DE0049BC5E /* CharacterDetailInteractor.swift */; };
		C62BD1DF260BD3EF0049BC5E /* CharacterDetailPresenter.swift in Sources */ = {isa = PBXBuildFile; fileRef = C62BD1DE260BD3EF0049BC5E /* CharacterDetailPresenter.swift */; };
		C62BD1E0260BD3EF0049BC5E /* CharacterDetailPresenter.swift in Sources */ = {isa = PBXBuildFile; fileRef = C62BD1DE260BD3EF0049BC5E /* CharacterDetailPresenter.swift */; };
		C62BD1E7260BD4390049BC5E /* CharacterDetailRequest.swift in Sources */ = {isa = PBXBuildFile; fileRef = C62BD1E6260BD4390049BC5E /* CharacterDetailRequest.swift */; };
		C62BD1E8260BD4390049BC5E /* CharacterDetailRequest.swift in Sources */ = {isa = PBXBuildFile; fileRef = C62BD1E6260BD4390049BC5E /* CharacterDetailRequest.swift */; };
		C62BD1F2260BD4550049BC5E /* CharacterDetailResponse.swift in Sources */ = {isa = PBXBuildFile; fileRef = C62BD1F1260BD4550049BC5E /* CharacterDetailResponse.swift */; };
		C62BD1F3260BD4550049BC5E /* CharacterDetailResponse.swift in Sources */ = {isa = PBXBuildFile; fileRef = C62BD1F1260BD4550049BC5E /* CharacterDetailResponse.swift */; };
		C62BD1FB260BF7550049BC5E /* CharacterDetailResponse.json in Resources */ = {isa = PBXBuildFile; fileRef = C62BD1F9260BF7550049BC5E /* CharacterDetailResponse.json */; };
		C62BD20A260BFA0A0049BC5E /* CharacterDetailViewController.swift in Sources */ = {isa = PBXBuildFile; fileRef = C62BD208260BFA0A0049BC5E /* CharacterDetailViewController.swift */; };
		C62BD20B260BFA0A0049BC5E /* CharacterDetailViewController.swift in Sources */ = {isa = PBXBuildFile; fileRef = C62BD208260BFA0A0049BC5E /* CharacterDetailViewController.swift */; };
		C62BD20C260BFA0A0049BC5E /* CharacterDetailViewController.xib in Resources */ = {isa = PBXBuildFile; fileRef = C62BD209260BFA0A0049BC5E /* CharacterDetailViewController.xib */; };
		C62BD20D260BFA0A0049BC5E /* CharacterDetailViewController.xib in Resources */ = {isa = PBXBuildFile; fileRef = C62BD209260BFA0A0049BC5E /* CharacterDetailViewController.xib */; };
		C62BD214260BFDC20049BC5E /* SkeletonView in Frameworks */ = {isa = PBXBuildFile; productRef = C62BD213260BFDC20049BC5E /* SkeletonView */; };
		C62BD21A260BFDCF0049BC5E /* SkeletonView in Frameworks */ = {isa = PBXBuildFile; productRef = C62BD219260BFDCF0049BC5E /* SkeletonView */; };
		C62F7AA8260D5A200022A089 /* UITestHappyPath.swift in Sources */ = {isa = PBXBuildFile; fileRef = C682DEBF2609520B00F5329D /* UITestHappyPath.swift */; };
		C62F7AD8260D5AEC0022A089 /* CharacterListViewControllerTest.swift in Sources */ = {isa = PBXBuildFile; fileRef = C62F7AD7260D5AEC0022A089 /* CharacterListViewControllerTest.swift */; };
		C62F7AED260D5CC20022A089 /* MarvelRepositoryLogic.swift in Sources */ = {isa = PBXBuildFile; fileRef = C62F7AEC260D5CC20022A089 /* MarvelRepositoryLogic.swift */; };
		C62F7AEE260D5CC20022A089 /* MarvelRepositoryLogic.swift in Sources */ = {isa = PBXBuildFile; fileRef = C62F7AEC260D5CC20022A089 /* MarvelRepositoryLogic.swift */; };
		C62F7B01260D5D130022A089 /* NetworkingError.swift in Sources */ = {isa = PBXBuildFile; fileRef = C62F7B00260D5D130022A089 /* NetworkingError.swift */; };
		C62F7B02260D5D130022A089 /* NetworkingError.swift in Sources */ = {isa = PBXBuildFile; fileRef = C62F7B00260D5D130022A089 /* NetworkingError.swift */; };
		C6334890260D90E1002B5D42 /* CharactersListDisplayLogicSpy.swift in Sources */ = {isa = PBXBuildFile; fileRef = C633488F260D90E1002B5D42 /* CharactersListDisplayLogicSpy.swift */; };
		C633489A260D910A002B5D42 /* CharactersListPresentationLogicSpy.swift in Sources */ = {isa = PBXBuildFile; fileRef = C6334899260D910A002B5D42 /* CharactersListPresentationLogicSpy.swift */; };
		C63348A0260D96C4002B5D42 /* CharactersListBusinessLogicSpy.swift in Sources */ = {isa = PBXBuildFile; fileRef = C633489F260D96C4002B5D42 /* CharactersListBusinessLogicSpy.swift */; };
		C63348B5260D9805002B5D42 /* CharacterListPresenterTest.swift in Sources */ = {isa = PBXBuildFile; fileRef = C63348B4260D9805002B5D42 /* CharacterListPresenterTest.swift */; };
		C63348BC260D9F50002B5D42 /* Utilities.swift in Sources */ = {isa = PBXBuildFile; fileRef = C63348BB260D9F50002B5D42 /* Utilities.swift */; };
		C63348C6260DA2F9002B5D42 /* CharacterListInteractorTest.swift in Sources */ = {isa = PBXBuildFile; fileRef = C63348C5260DA2F9002B5D42 /* CharacterListInteractorTest.swift */; };
		C63348CD260E3F7D002B5D42 /* CharacterDetailBusinessLogicSpy.swift in Sources */ = {isa = PBXBuildFile; fileRef = C63348CC260E3F7D002B5D42 /* CharacterDetailBusinessLogicSpy.swift */; };
		C63348D7260E416A002B5D42 /* CharacterDetailPresentationLogicSpy.swift in Sources */ = {isa = PBXBuildFile; fileRef = C63348D6260E416A002B5D42 /* CharacterDetailPresentationLogicSpy.swift */; };
		C63348DE260E4707002B5D42 /* MarvelCharactersRepositoryErrorMock.swift in Sources */ = {isa = PBXBuildFile; fileRef = C63348DD260E4707002B5D42 /* MarvelCharactersRepositoryErrorMock.swift */; };
		C63348E8260E485E002B5D42 /* CharacterDetailDisplayLogicSpy.swift in Sources */ = {isa = PBXBuildFile; fileRef = C63348E7260E485E002B5D42 /* CharacterDetailDisplayLogicSpy.swift */; };
		C63348F1260E49CA002B5D42 /* CharacterDetailInteractorTest.swift in Sources */ = {isa = PBXBuildFile; fileRef = C63348F0260E49CA002B5D42 /* CharacterDetailInteractorTest.swift */; };
		C63348FB260E51F3002B5D42 /* CharacterDetailPresenterTest.swift in Sources */ = {isa = PBXBuildFile; fileRef = C63348FA260E51F3002B5D42 /* CharacterDetailPresenterTest.swift */; };
		C6334901260E55A0002B5D42 /* CharacterDetailViewControllerTest.swift in Sources */ = {isa = PBXBuildFile; fileRef = C6334900260E55A0002B5D42 /* CharacterDetailViewControllerTest.swift */; };
		C633490C260E65A4002B5D42 /* BaseTableViewCell.swift in Sources */ = {isa = PBXBuildFile; fileRef = C633490B260E65A4002B5D42 /* BaseTableViewCell.swift */; };
		C633490D260E65A4002B5D42 /* BaseTableViewCell.swift in Sources */ = {isa = PBXBuildFile; fileRef = C633490B260E65A4002B5D42 /* BaseTableViewCell.swift */; };
		C682DE9E2609520A00F5329D /* AppDelegate.swift in Sources */ = {isa = PBXBuildFile; fileRef = C682DE9D2609520A00F5329D /* AppDelegate.swift */; };
		C682DEA02609520A00F5329D /* SceneDelegate.swift in Sources */ = {isa = PBXBuildFile; fileRef = C682DE9F2609520A00F5329D /* SceneDelegate.swift */; };
		C682DEA52609520A00F5329D /* Main.storyboard in Resources */ = {isa = PBXBuildFile; fileRef = C682DEA32609520A00F5329D /* Main.storyboard */; };
		C682DEA72609520B00F5329D /* Assets.xcassets in Resources */ = {isa = PBXBuildFile; fileRef = C682DEA62609520B00F5329D /* Assets.xcassets */; };
		C682DEAA2609520B00F5329D /* LaunchScreen.storyboard in Resources */ = {isa = PBXBuildFile; fileRef = C682DEA82609520B00F5329D /* LaunchScreen.storyboard */; };
		C682DED32609630100F5329D /* CharactersListViewController.swift in Sources */ = {isa = PBXBuildFile; fileRef = C682DED22609630100F5329D /* CharactersListViewController.swift */; };
		C682DEDB2609635000F5329D /* CharactersListInteractor.swift in Sources */ = {isa = PBXBuildFile; fileRef = C682DEDA2609635000F5329D /* CharactersListInteractor.swift */; };
		C682DEE02609636A00F5329D /* CharactersListPresenter.swift in Sources */ = {isa = PBXBuildFile; fileRef = C682DEDF2609636A00F5329D /* CharactersListPresenter.swift */; };
		C682DEE5260963C600F5329D /* CharactersListRouter.swift in Sources */ = {isa = PBXBuildFile; fileRef = C682DEE4260963C600F5329D /* CharactersListRouter.swift */; };
		C692CC28260AA64800B34BEE /* URLSessionWorker.swift in Sources */ = {isa = PBXBuildFile; fileRef = C692CC27260AA64800B34BEE /* URLSessionWorker.swift */; };
		C692CC36260AB83500B34BEE /* String+Extension.swift in Sources */ = {isa = PBXBuildFile; fileRef = C692CC35260AB83500B34BEE /* String+Extension.swift */; };
		C6DEB8D8260A4CF700855358 /* FetchCharactersModels.swift in Sources */ = {isa = PBXBuildFile; fileRef = C6DEB8D7260A4CF700855358 /* FetchCharactersModels.swift */; };
		C6DEB8E1260A696900855358 /* Character.swift in Sources */ = {isa = PBXBuildFile; fileRef = C6DEB8E0260A696900855358 /* Character.swift */; };
/* End PBXBuildFile section */

/* Begin PBXContainerItemProxy section */
		C62F7A99260D59F80022A089 /* PBXContainerItemProxy */ = {
			isa = PBXContainerItemProxy;
			containerPortal = C682DE922609520A00F5329D /* Project object */;
			proxyType = 1;
			remoteGlobalIDString = C62BD143260BB92C0049BC5E;
			remoteInfo = MarvelExamDev;
		};
		C62F7ADA260D5AEC0022A089 /* PBXContainerItemProxy */ = {
			isa = PBXContainerItemProxy;
			containerPortal = C682DE922609520A00F5329D /* Project object */;
			proxyType = 1;
			remoteGlobalIDString = C62BD143260BB92C0049BC5E;
			remoteInfo = MarvelExamDev;
		};
/* End PBXContainerItemProxy section */

/* Begin PBXFileReference section */
		C62BD0FC260BA9B10049BC5E /* .swiftlint.yml */ = {isa = PBXFileReference; lastKnownFileType = text.yaml; path = .swiftlint.yml; sourceTree = "<group>"; };
		C62BD125260BB2260049BC5E /* BaseRepository.swift */ = {isa = PBXFileReference; lastKnownFileType = sourcecode.swift; path = BaseRepository.swift; sourceTree = "<group>"; };
		C62BD130260BB5970049BC5E /* MarvelCharactersRepository.swift */ = {isa = PBXFileReference; lastKnownFileType = sourcecode.swift; path = MarvelCharactersRepository.swift; sourceTree = "<group>"; };
		C62BD138260BB6CA0049BC5E /* FetchCharactersResponse.swift */ = {isa = PBXFileReference; lastKnownFileType = sourcecode.swift; path = FetchCharactersResponse.swift; sourceTree = "<group>"; };
		C62BD161260BB92C0049BC5E /* MarvelExamDev.app */ = {isa = PBXFileReference; explicitFileType = wrapper.application; includeInIndex = 0; path = MarvelExamDev.app; sourceTree = BUILT_PRODUCTS_DIR; };
		C62BD17F260BBB370049BC5E /* MarvelCharactersRepositoryMock.swift */ = {isa = PBXFileReference; lastKnownFileType = sourcecode.swift; path = MarvelCharactersRepositoryMock.swift; sourceTree = "<group>"; };
		C62BD185260BBCA00049BC5E /* UtilitiesWorker.swift */ = {isa = PBXFileReference; lastKnownFileType = sourcecode.swift; path = UtilitiesWorker.swift; sourceTree = "<group>"; };
		C62BD18F260BBDDF0049BC5E /* FetchCharactersResponse.json */ = {isa = PBXFileReference; lastKnownFileType = text.json; path = FetchCharactersResponse.json; sourceTree = "<group>"; };
		C62BD1A3260BCAE90049BC5E /* BaseViewController.swift */ = {isa = PBXFileReference; lastKnownFileType = sourcecode.swift; path = BaseViewController.swift; sourceTree = "<group>"; };
		C62BD1CA260BD0AF0049BC5E /* MarvelExamDevInfo.plist */ = {isa = PBXFileReference; lastKnownFileType = text.plist.xml; path = MarvelExamDevInfo.plist; sourceTree = "<group>"; };
		C62BD1D7260BD3DE0049BC5E /* CharacterDetailInteractor.swift */ = {isa = PBXFileReference; lastKnownFileType = sourcecode.swift; path = CharacterDetailInteractor.swift; sourceTree = "<group>"; };
		C62BD1DE260BD3EF0049BC5E /* CharacterDetailPresenter.swift */ = {isa = PBXFileReference; lastKnownFileType = sourcecode.swift; path = CharacterDetailPresenter.swift; sourceTree = "<group>"; };
		C62BD1E6260BD4390049BC5E /* CharacterDetailRequest.swift */ = {isa = PBXFileReference; lastKnownFileType = sourcecode.swift; path = CharacterDetailRequest.swift; sourceTree = "<group>"; };
		C62BD1F1260BD4550049BC5E /* CharacterDetailResponse.swift */ = {isa = PBXFileReference; lastKnownFileType = sourcecode.swift; path = CharacterDetailResponse.swift; sourceTree = "<group>"; };
		C62BD1F9260BF7550049BC5E /* CharacterDetailResponse.json */ = {isa = PBXFileReference; lastKnownFileType = text.json; path = CharacterDetailResponse.json; sourceTree = "<group>"; };
		C62BD208260BFA0A0049BC5E /* CharacterDetailViewController.swift */ = {isa = PBXFileReference; lastKnownFileType = sourcecode.swift; path = CharacterDetailViewController.swift; sourceTree = "<group>"; };
		C62BD209260BFA0A0049BC5E /* CharacterDetailViewController.xib */ = {isa = PBXFileReference; lastKnownFileType = file.xib; path = CharacterDetailViewController.xib; sourceTree = "<group>"; };
		C62F7A94260D59F70022A089 /* MarvelExamDevUITests.xctest */ = {isa = PBXFileReference; explicitFileType = wrapper.cfbundle; includeInIndex = 0; path = MarvelExamDevUITests.xctest; sourceTree = BUILT_PRODUCTS_DIR; };
		C62F7A98260D59F80022A089 /* Info.plist */ = {isa = PBXFileReference; lastKnownFileType = text.plist.xml; path = Info.plist; sourceTree = "<group>"; };
		C62F7AD5260D5AEC0022A089 /* MarvelExamDevTests.xctest */ = {isa = PBXFileReference; explicitFileType = wrapper.cfbundle; includeInIndex = 0; path = MarvelExamDevTests.xctest; sourceTree = BUILT_PRODUCTS_DIR; };
		C62F7AD7260D5AEC0022A089 /* CharacterListViewControllerTest.swift */ = {isa = PBXFileReference; lastKnownFileType = sourcecode.swift; path = CharacterListViewControllerTest.swift; sourceTree = "<group>"; };
		C62F7AD9260D5AEC0022A089 /* Info.plist */ = {isa = PBXFileReference; lastKnownFileType = text.plist.xml; path = Info.plist; sourceTree = "<group>"; };
		C62F7AEC260D5CC20022A089 /* MarvelRepositoryLogic.swift */ = {isa = PBXFileReference; lastKnownFileType = sourcecode.swift; path = MarvelRepositoryLogic.swift; sourceTree = "<group>"; };
		C62F7B00260D5D130022A089 /* NetworkingError.swift */ = {isa = PBXFileReference; lastKnownFileType = sourcecode.swift; path = NetworkingError.swift; sourceTree = "<group>"; };
		C633488F260D90E1002B5D42 /* CharactersListDisplayLogicSpy.swift */ = {isa = PBXFileReference; fileEncoding = 4; lastKnownFileType = sourcecode.swift; path = CharactersListDisplayLogicSpy.swift; sourceTree = "<group>"; };
		C6334899260D910A002B5D42 /* CharactersListPresentationLogicSpy.swift */ = {isa = PBXFileReference; lastKnownFileType = sourcecode.swift; path = CharactersListPresentationLogicSpy.swift; sourceTree = "<group>"; };
		C633489F260D96C4002B5D42 /* CharactersListBusinessLogicSpy.swift */ = {isa = PBXFileReference; lastKnownFileType = sourcecode.swift; path = CharactersListBusinessLogicSpy.swift; sourceTree = "<group>"; };
		C63348B4260D9805002B5D42 /* CharacterListPresenterTest.swift */ = {isa = PBXFileReference; lastKnownFileType = sourcecode.swift; path = CharacterListPresenterTest.swift; sourceTree = "<group>"; };
		C63348BB260D9F50002B5D42 /* Utilities.swift */ = {isa = PBXFileReference; lastKnownFileType = sourcecode.swift; path = Utilities.swift; sourceTree = "<group>"; };
		C63348C5260DA2F9002B5D42 /* CharacterListInteractorTest.swift */ = {isa = PBXFileReference; lastKnownFileType = sourcecode.swift; path = CharacterListInteractorTest.swift; sourceTree = "<group>"; };
		C63348CC260E3F7D002B5D42 /* CharacterDetailBusinessLogicSpy.swift */ = {isa = PBXFileReference; lastKnownFileType = sourcecode.swift; path = CharacterDetailBusinessLogicSpy.swift; sourceTree = "<group>"; };
		C63348D6260E416A002B5D42 /* CharacterDetailPresentationLogicSpy.swift */ = {isa = PBXFileReference; lastKnownFileType = sourcecode.swift; path = CharacterDetailPresentationLogicSpy.swift; sourceTree = "<group>"; };
		C63348DD260E4707002B5D42 /* MarvelCharactersRepositoryErrorMock.swift */ = {isa = PBXFileReference; lastKnownFileType = sourcecode.swift; path = MarvelCharactersRepositoryErrorMock.swift; sourceTree = "<group>"; };
		C63348E7260E485E002B5D42 /* CharacterDetailDisplayLogicSpy.swift */ = {isa = PBXFileReference; lastKnownFileType = sourcecode.swift; path = CharacterDetailDisplayLogicSpy.swift; sourceTree = "<group>"; };
		C63348F0260E49CA002B5D42 /* CharacterDetailInteractorTest.swift */ = {isa = PBXFileReference; lastKnownFileType = sourcecode.swift; path = CharacterDetailInteractorTest.swift; sourceTree = "<group>"; };
		C63348FA260E51F3002B5D42 /* CharacterDetailPresenterTest.swift */ = {isa = PBXFileReference; lastKnownFileType = sourcecode.swift; path = CharacterDetailPresenterTest.swift; sourceTree = "<group>"; };
		C6334900260E55A0002B5D42 /* CharacterDetailViewControllerTest.swift */ = {isa = PBXFileReference; lastKnownFileType = sourcecode.swift; path = CharacterDetailViewControllerTest.swift; sourceTree = "<group>"; };
		C633490B260E65A4002B5D42 /* BaseTableViewCell.swift */ = {isa = PBXFileReference; lastKnownFileType = sourcecode.swift; path = BaseTableViewCell.swift; sourceTree = "<group>"; };
		C682DE9A2609520A00F5329D /* MarvelExam.app */ = {isa = PBXFileReference; explicitFileType = wrapper.application; includeInIndex = 0; path = MarvelExam.app; sourceTree = BUILT_PRODUCTS_DIR; };
		C682DE9D2609520A00F5329D /* AppDelegate.swift */ = {isa = PBXFileReference; lastKnownFileType = sourcecode.swift; path = AppDelegate.swift; sourceTree = "<group>"; };
		C682DE9F2609520A00F5329D /* SceneDelegate.swift */ = {isa = PBXFileReference; lastKnownFileType = sourcecode.swift; path = SceneDelegate.swift; sourceTree = "<group>"; };
		C682DEA42609520A00F5329D /* Base */ = {isa = PBXFileReference; lastKnownFileType = file.storyboard; name = Base; path = Base.lproj/Main.storyboard; sourceTree = "<group>"; };
		C682DEA62609520B00F5329D /* Assets.xcassets */ = {isa = PBXFileReference; lastKnownFileType = folder.assetcatalog; path = Assets.xcassets; sourceTree = "<group>"; };
		C682DEA92609520B00F5329D /* Base */ = {isa = PBXFileReference; lastKnownFileType = file.storyboard; name = Base; path = Base.lproj/LaunchScreen.storyboard; sourceTree = "<group>"; };
		C682DEAB2609520B00F5329D /* MarvelExamInfo.plist */ = {isa = PBXFileReference; lastKnownFileType = text.plist.xml; path = MarvelExamInfo.plist; sourceTree = "<group>"; };
		C682DEBF2609520B00F5329D /* UITestHappyPath.swift */ = {isa = PBXFileReference; lastKnownFileType = sourcecode.swift; path = UITestHappyPath.swift; sourceTree = "<group>"; };
		C682DED22609630100F5329D /* CharactersListViewController.swift */ = {isa = PBXFileReference; lastKnownFileType = sourcecode.swift; path = CharactersListViewController.swift; sourceTree = "<group>"; };
		C682DEDA2609635000F5329D /* CharactersListInteractor.swift */ = {isa = PBXFileReference; lastKnownFileType = sourcecode.swift; path = CharactersListInteractor.swift; sourceTree = "<group>"; };
		C682DEDF2609636A00F5329D /* CharactersListPresenter.swift */ = {isa = PBXFileReference; lastKnownFileType = sourcecode.swift; path = CharactersListPresenter.swift; sourceTree = "<group>"; };
		C682DEE4260963C600F5329D /* CharactersListRouter.swift */ = {isa = PBXFileReference; lastKnownFileType = sourcecode.swift; path = CharactersListRouter.swift; sourceTree = "<group>"; };
		C692CC27260AA64800B34BEE /* URLSessionWorker.swift */ = {isa = PBXFileReference; lastKnownFileType = sourcecode.swift; path = URLSessionWorker.swift; sourceTree = "<group>"; };
		C692CC35260AB83500B34BEE /* String+Extension.swift */ = {isa = PBXFileReference; lastKnownFileType = sourcecode.swift; path = "String+Extension.swift"; sourceTree = "<group>"; };
		C6DEB8D7260A4CF700855358 /* FetchCharactersModels.swift */ = {isa = PBXFileReference; lastKnownFileType = sourcecode.swift; path = FetchCharactersModels.swift; sourceTree = "<group>"; };
		C6DEB8E0260A696900855358 /* Character.swift */ = {isa = PBXFileReference; lastKnownFileType = sourcecode.swift; path = Character.swift; sourceTree = "<group>"; };
/* End PBXFileReference section */

/* Begin PBXFrameworksBuildPhase section */
		C62BD156260BB92C0049BC5E /* Frameworks */ = {
			isa = PBXFrameworksBuildPhase;
			buildActionMask = 2147483647;
			files = (
				C62BD19E260BCACD0049BC5E /* MBProgressHUD in Frameworks */,
				C62BD21A260BFDCF0049BC5E /* SkeletonView in Frameworks */,
				C62BD157260BB92C0049BC5E /* Kingfisher in Frameworks */,
			);
			runOnlyForDeploymentPostprocessing = 0;
		};
		C62F7A91260D59F70022A089 /* Frameworks */ = {
			isa = PBXFrameworksBuildPhase;
			buildActionMask = 2147483647;
			files = (
			);
			runOnlyForDeploymentPostprocessing = 0;
		};
		C62F7AD2260D5AEC0022A089 /* Frameworks */ = {
			isa = PBXFrameworksBuildPhase;
			buildActionMask = 2147483647;
			files = (
			);
			runOnlyForDeploymentPostprocessing = 0;
		};
		C682DE972609520A00F5329D /* Frameworks */ = {
			isa = PBXFrameworksBuildPhase;
			buildActionMask = 2147483647;
			files = (
				C62BD197260BCAB70049BC5E /* MBProgressHUD in Frameworks */,
				C62BD214260BFDC20049BC5E /* SkeletonView in Frameworks */,
				C62BD0F2260BA7C60049BC5E /* Kingfisher in Frameworks */,
			);
			runOnlyForDeploymentPostprocessing = 0;
		};
/* End PBXFrameworksBuildPhase section */

/* Begin PBXGroup section */
		C62BD123260BB1ED0049BC5E /* Repositories */ = {
			isa = PBXGroup;
			children = (
				C62BD125260BB2260049BC5E /* BaseRepository.swift */,
				C62BD124260BB1FD0049BC5E /* MarvelCharacters */,
			);
			path = Repositories;
			sourceTree = "<group>";
		};
		C62BD124260BB1FD0049BC5E /* MarvelCharacters */ = {
			isa = PBXGroup;
			children = (
				C62BD130260BB5970049BC5E /* MarvelCharactersRepository.swift */,
				C62BD17F260BBB370049BC5E /* MarvelCharactersRepositoryMock.swift */,
				C62F7AEC260D5CC20022A089 /* MarvelRepositoryLogic.swift */,
			);
			name = MarvelCharacters;
			sourceTree = "<group>";
		};
		C62BD18C260BBD8C0049BC5E /* Resources */ = {
			isa = PBXGroup;
			children = (
				C62BD1AF260BCF8F0049BC5E /* Storyboards */,
				C62BD18D260BBDA30049BC5E /* JSONS */,
				C682DEA62609520B00F5329D /* Assets.xcassets */,
			);
			path = Resources;
			sourceTree = "<group>";
		};
		C62BD18D260BBDA30049BC5E /* JSONS */ = {
			isa = PBXGroup;
			children = (
				C62BD1F8260BF7370049BC5E /* DetailCharacter */,
				C62BD18E260BBDAD0049BC5E /* FetchCharacters */,
			);
			path = JSONS;
			sourceTree = "<group>";
		};
		C62BD18E260BBDAD0049BC5E /* FetchCharacters */ = {
			isa = PBXGroup;
			children = (
				C62BD18F260BBDDF0049BC5E /* FetchCharactersResponse.json */,
			);
			name = FetchCharacters;
			sourceTree = "<group>";
		};
		C62BD19C260BCACD0049BC5E /* Frameworks */ = {
			isa = PBXGroup;
			children = (
			);
			name = Frameworks;
			sourceTree = "<group>";
		};
		C62BD1AE260BCF6D0049BC5E /* Support */ = {
			isa = PBXGroup;
			children = (
				C62BD1B5260BCFC90049BC5E /* Dev */,
				C62BD1B4260BCFB30049BC5E /* Production */,
				C682DE9F2609520A00F5329D /* SceneDelegate.swift */,
				C682DE9D2609520A00F5329D /* AppDelegate.swift */,
			);
			path = Support;
			sourceTree = "<group>";
		};
		C62BD1AF260BCF8F0049BC5E /* Storyboards */ = {
			isa = PBXGroup;
			children = (
				C682DEA32609520A00F5329D /* Main.storyboard */,
				C682DEA82609520B00F5329D /* LaunchScreen.storyboard */,
			);
			path = Storyboards;
			sourceTree = "<group>";
		};
		C62BD1B4260BCFB30049BC5E /* Production */ = {
			isa = PBXGroup;
			children = (
				C682DEAB2609520B00F5329D /* MarvelExamInfo.plist */,
			);
			name = Production;
			sourceTree = "<group>";
		};
		C62BD1B5260BCFC90049BC5E /* Dev */ = {
			isa = PBXGroup;
			children = (
				C62BD1CA260BD0AF0049BC5E /* MarvelExamDevInfo.plist */,
			);
			name = Dev;
			sourceTree = "<group>";
		};
		C62BD1CF260BD2D30049BC5E /* CharacterDetail */ = {
			isa = PBXGroup;
			children = (
				C62BD1D7260BD3DE0049BC5E /* CharacterDetailInteractor.swift */,
				C62BD1DE260BD3EF0049BC5E /* CharacterDetailPresenter.swift */,
				C62BD208260BFA0A0049BC5E /* CharacterDetailViewController.swift */,
				C62BD209260BFA0A0049BC5E /* CharacterDetailViewController.xib */,
			);
			path = CharacterDetail;
			sourceTree = "<group>";
		};
		C62BD1E5260BD4180049BC5E /* CharacterDetail */ = {
			isa = PBXGroup;
			children = (
				C62BD1E6260BD4390049BC5E /* CharacterDetailRequest.swift */,
				C62BD1F1260BD4550049BC5E /* CharacterDetailResponse.swift */,
			);
			name = CharacterDetail;
			sourceTree = "<group>";
		};
		C62BD1F8260BF7370049BC5E /* DetailCharacter */ = {
			isa = PBXGroup;
			children = (
				C62BD1F9260BF7550049BC5E /* CharacterDetailResponse.json */,
			);
			name = DetailCharacter;
			sourceTree = "<group>";
		};
		C62F7A95260D59F70022A089 /* MarvelExamDevUITests */ = {
			isa = PBXGroup;
			children = (
				C682DEBF2609520B00F5329D /* UITestHappyPath.swift */,
				C62F7A98260D59F80022A089 /* Info.plist */,
			);
			path = MarvelExamDevUITests;
			sourceTree = "<group>";
		};
		C62F7AD6260D5AEC0022A089 /* MarvelExamDevTests */ = {
			isa = PBXGroup;
			children = (
				C63348DC260E46EE002B5D42 /* RepositoryMock */,
				C63348BA260D9F33002B5D42 /* Utilities */,
				C633487F260D8AF7002B5D42 /* Spy */,
				C63348A5260D97A6002B5D42 /* CharacterList */,
				C63348EF260E496F002B5D42 /* CharacterDetail */,
				C62F7AD9260D5AEC0022A089 /* Info.plist */,
			);
			path = MarvelExamDevTests;
			sourceTree = "<group>";
		};
		C62F7AFF260D5D010022A089 /* Error */ = {
			isa = PBXGroup;
			children = (
				C62F7B00260D5D130022A089 /* NetworkingError.swift */,
			);
			name = Error;
			sourceTree = "<group>";
		};
		C633487F260D8AF7002B5D42 /* Spy */ = {
			isa = PBXGroup;
			children = (
				C63348CB260E3F02002B5D42 /* CharacterDetail */,
				C6334880260D8B09002B5D42 /* CharactersList */,
			);
			path = Spy;
			sourceTree = "<group>";
		};
		C6334880260D8B09002B5D42 /* CharactersList */ = {
			isa = PBXGroup;
			children = (
				C633488F260D90E1002B5D42 /* CharactersListDisplayLogicSpy.swift */,
				C6334899260D910A002B5D42 /* CharactersListPresentationLogicSpy.swift */,
				C633489F260D96C4002B5D42 /* CharactersListBusinessLogicSpy.swift */,
			);
			name = CharactersList;
			sourceTree = "<group>";
		};
		C63348A5260D97A6002B5D42 /* CharacterList */ = {
			isa = PBXGroup;
			children = (
				C62F7AD7260D5AEC0022A089 /* CharacterListViewControllerTest.swift */,
				C63348B4260D9805002B5D42 /* CharacterListPresenterTest.swift */,
				C63348C5260DA2F9002B5D42 /* CharacterListInteractorTest.swift */,
			);
			name = CharacterList;
			sourceTree = "<group>";
		};
		C63348BA260D9F33002B5D42 /* Utilities */ = {
			isa = PBXGroup;
			children = (
				C63348BB260D9F50002B5D42 /* Utilities.swift */,
			);
			path = Utilities;
			sourceTree = "<group>";
		};
		C63348CB260E3F02002B5D42 /* CharacterDetail */ = {
			isa = PBXGroup;
			children = (
				C63348CC260E3F7D002B5D42 /* CharacterDetailBusinessLogicSpy.swift */,
				C63348D6260E416A002B5D42 /* CharacterDetailPresentationLogicSpy.swift */,
				C63348E7260E485E002B5D42 /* CharacterDetailDisplayLogicSpy.swift */,
			);
			name = CharacterDetail;
			sourceTree = "<group>";
		};
		C63348DC260E46EE002B5D42 /* RepositoryMock */ = {
			isa = PBXGroup;
			children = (
				C63348DD260E4707002B5D42 /* MarvelCharactersRepositoryErrorMock.swift */,
			);
			path = RepositoryMock;
			sourceTree = "<group>";
		};
		C63348EF260E496F002B5D42 /* CharacterDetail */ = {
			isa = PBXGroup;
			children = (
				C63348F0260E49CA002B5D42 /* CharacterDetailInteractorTest.swift */,
				C63348FA260E51F3002B5D42 /* CharacterDetailPresenterTest.swift */,
				C6334900260E55A0002B5D42 /* CharacterDetailViewControllerTest.swift */,
			);
			name = CharacterDetail;
			sourceTree = "<group>";
		};
		C633490A260E6577002B5D42 /* UIComponents */ = {
			isa = PBXGroup;
			children = (
				C633490B260E65A4002B5D42 /* BaseTableViewCell.swift */,
			);
			path = UIComponents;
			sourceTree = "<group>";
		};
		C682DE912609520A00F5329D = {
			isa = PBXGroup;
			children = (
				C682DE9C2609520A00F5329D /* MarvelExam */,
				C62F7A95260D59F70022A089 /* MarvelExamDevUITests */,
				C62F7AD6260D5AEC0022A089 /* MarvelExamDevTests */,
				C682DE9B2609520A00F5329D /* Products */,
				C62BD19C260BCACD0049BC5E /* Frameworks */,
			);
			sourceTree = "<group>";
		};
		C682DE9B2609520A00F5329D /* Products */ = {
			isa = PBXGroup;
			children = (
				C682DE9A2609520A00F5329D /* MarvelExam.app */,
				C62BD161260BB92C0049BC5E /* MarvelExamDev.app */,
				C62F7A94260D59F70022A089 /* MarvelExamDevUITests.xctest */,
				C62F7AD5260D5AEC0022A089 /* MarvelExamDevTests.xctest */,
			);
			name = Products;
			sourceTree = "<group>";
		};
		C682DE9C2609520A00F5329D /* MarvelExam */ = {
			isa = PBXGroup;
			children = (
				C633490A260E6577002B5D42 /* UIComponents */,
				C62BD1AE260BCF6D0049BC5E /* Support */,
				C62BD18C260BBD8C0049BC5E /* Resources */,
				C692CC34260AB80C00B34BEE /* Extensions */,
				C692CC3A260AB8D200B34BEE /* Data */,
				C692CC26260AA63600B34BEE /* Workers */,
				C6DEB8DC260A691D00855358 /* Domain */,
				C682DED0260960CE00F5329D /* Scenes */,
				C62BD0FC260BA9B10049BC5E /* .swiftlint.yml */,
			);
			path = MarvelExam;
			sourceTree = "<group>";
		};
		C682DED0260960CE00F5329D /* Scenes */ = {
			isa = PBXGroup;
			children = (
				C62BD1A3260BCAE90049BC5E /* BaseViewController.swift */,
				C682DED1260960FC00F5329D /* CharacterList */,
				C62BD1CF260BD2D30049BC5E /* CharacterDetail */,
			);
			path = Scenes;
			sourceTree = "<group>";
		};
		C682DED1260960FC00F5329D /* CharacterList */ = {
			isa = PBXGroup;
			children = (
				C682DED22609630100F5329D /* CharactersListViewController.swift */,
				C682DEDA2609635000F5329D /* CharactersListInteractor.swift */,
				C682DEDF2609636A00F5329D /* CharactersListPresenter.swift */,
				C682DEE4260963C600F5329D /* CharactersListRouter.swift */,
			);
			path = CharacterList;
			sourceTree = "<group>";
		};
		C692CC26260AA63600B34BEE /* Workers */ = {
			isa = PBXGroup;
			children = (
				C692CC27260AA64800B34BEE /* URLSessionWorker.swift */,
				C62BD185260BBCA00049BC5E /* UtilitiesWorker.swift */,
			);
			path = Workers;
			sourceTree = "<group>";
		};
		C692CC34260AB80C00B34BEE /* Extensions */ = {
			isa = PBXGroup;
			children = (
				C692CC35260AB83500B34BEE /* String+Extension.swift */,
			);
			path = Extensions;
			sourceTree = "<group>";
		};
		C692CC3A260AB8D200B34BEE /* Data */ = {
			isa = PBXGroup;
			children = (
				C62BD123260BB1ED0049BC5E /* Repositories */,
			);
			path = Data;
			sourceTree = "<group>";
		};
		C6DEB8DC260A691D00855358 /* Domain */ = {
			isa = PBXGroup;
			children = (
				C6DEB8DE260A693700855358 /* Entities */,
			);
			path = Domain;
			sourceTree = "<group>";
		};
		C6DEB8DE260A693700855358 /* Entities */ = {
			isa = PBXGroup;
			children = (
				C62F7AFF260D5D010022A089 /* Error */,
				C6DEB8DF260A693D00855358 /* Characters */,
			);
			path = Entities;
			sourceTree = "<group>";
		};
		C6DEB8DF260A693D00855358 /* Characters */ = {
			isa = PBXGroup;
			children = (
				C62BD1E5260BD4180049BC5E /* CharacterDetail */,
				C6DEB8E5260A6A2800855358 /* FetchCharacters */,
				C6DEB8E0260A696900855358 /* Character.swift */,
			);
			name = Characters;
			sourceTree = "<group>";
		};
		C6DEB8E5260A6A2800855358 /* FetchCharacters */ = {
			isa = PBXGroup;
			children = (
				C6DEB8D7260A4CF700855358 /* FetchCharactersModels.swift */,
				C62BD138260BB6CA0049BC5E /* FetchCharactersResponse.swift */,
			);
			name = FetchCharacters;
			sourceTree = "<group>";
		};
/* End PBXGroup section */

/* Begin PBXNativeTarget section */
		C62BD143260BB92C0049BC5E /* MarvelExamDev */ = {
			isa = PBXNativeTarget;
			buildConfigurationList = C62BD15E260BB92C0049BC5E /* Build configuration list for PBXNativeTarget "MarvelExamDev" */;
			buildPhases = (
				C62BD146260BB92C0049BC5E /* Sources */,
				C62BD156260BB92C0049BC5E /* Frameworks */,
				C62BD158260BB92C0049BC5E /* Resources */,
				C62BD15D260BB92C0049BC5E /* ShellScript */,
			);
			buildRules = (
			);
			dependencies = (
			);
			name = MarvelExamDev;
			packageProductDependencies = (
				C62BD144260BB92C0049BC5E /* Kingfisher */,
				C62BD19D260BCACD0049BC5E /* MBProgressHUD */,
				C62BD219260BFDCF0049BC5E /* SkeletonView */,
			);
			productName = MarvelExam;
			productReference = C62BD161260BB92C0049BC5E /* MarvelExamDev.app */;
			productType = "com.apple.product-type.application";
		};
		C62F7A93260D59F70022A089 /* MarvelExamDevUITests */ = {
			isa = PBXNativeTarget;
			buildConfigurationList = C62F7A9B260D59F80022A089 /* Build configuration list for PBXNativeTarget "MarvelExamDevUITests" */;
			buildPhases = (
				C62F7A90260D59F70022A089 /* Sources */,
				C62F7A91260D59F70022A089 /* Frameworks */,
				C62F7A92260D59F70022A089 /* Resources */,
			);
			buildRules = (
			);
			dependencies = (
				C62F7A9A260D59F80022A089 /* PBXTargetDependency */,
			);
			name = MarvelExamDevUITests;
			productName = MarvelExamDevUITests;
			productReference = C62F7A94260D59F70022A089 /* MarvelExamDevUITests.xctest */;
			productType = "com.apple.product-type.bundle.ui-testing";
		};
		C62F7AD4260D5AEC0022A089 /* MarvelExamDevTests */ = {
			isa = PBXNativeTarget;
			buildConfigurationList = C62F7ADC260D5AEC0022A089 /* Build configuration list for PBXNativeTarget "MarvelExamDevTests" */;
			buildPhases = (
				C62F7AD1260D5AEC0022A089 /* Sources */,
				C62F7AD2260D5AEC0022A089 /* Frameworks */,
				C62F7AD3260D5AEC0022A089 /* Resources */,
			);
			buildRules = (
			);
			dependencies = (
				C62F7ADB260D5AEC0022A089 /* PBXTargetDependency */,
			);
			name = MarvelExamDevTests;
			productName = MarvelExamDevTests;
			productReference = C62F7AD5260D5AEC0022A089 /* MarvelExamDevTests.xctest */;
			productType = "com.apple.product-type.bundle.unit-test";
		};
		C682DE992609520A00F5329D /* MarvelExam */ = {
			isa = PBXNativeTarget;
			buildConfigurationList = C682DEC42609520B00F5329D /* Build configuration list for PBXNativeTarget "MarvelExam" */;
			buildPhases = (
				C682DE962609520A00F5329D /* Sources */,
				C682DE972609520A00F5329D /* Frameworks */,
				C682DE982609520A00F5329D /* Resources */,
				C62BD101260BA9CB0049BC5E /* ShellScript */,
			);
			buildRules = (
			);
			dependencies = (
			);
			name = MarvelExam;
			packageProductDependencies = (
				C62BD0F1260BA7C60049BC5E /* Kingfisher */,
				C62BD196260BCAB70049BC5E /* MBProgressHUD */,
				C62BD213260BFDC20049BC5E /* SkeletonView */,
			);
			productName = MarvelExam;
			productReference = C682DE9A2609520A00F5329D /* MarvelExam.app */;
			productType = "com.apple.product-type.application";
		};
/* End PBXNativeTarget section */

/* Begin PBXProject section */
		C682DE922609520A00F5329D /* Project object */ = {
			isa = PBXProject;
			attributes = {
				LastSwiftUpdateCheck = 1240;
				LastUpgradeCheck = 1240;
				TargetAttributes = {
					C62F7A93260D59F70022A089 = {
						CreatedOnToolsVersion = 12.4;
						TestTargetID = C62BD143260BB92C0049BC5E;
					};
					C62F7AD4260D5AEC0022A089 = {
						CreatedOnToolsVersion = 12.4;
						TestTargetID = C62BD143260BB92C0049BC5E;
					};
					C682DE992609520A00F5329D = {
						CreatedOnToolsVersion = 12.4;
					};
				};
			};
			buildConfigurationList = C682DE952609520A00F5329D /* Build configuration list for PBXProject "MarvelExam" */;
			compatibilityVersion = "Xcode 9.3";
			developmentRegion = en;
			hasScannedForEncodings = 0;
			knownRegions = (
				en,
				Base,
			);
			mainGroup = C682DE912609520A00F5329D;
			packageReferences = (
				C62BD0F0260BA7C60049BC5E /* XCRemoteSwiftPackageReference "Kingfisher" */,
				C62BD195260BCAB70049BC5E /* XCRemoteSwiftPackageReference "MBProgressHUD" */,
				C62BD212260BFDC20049BC5E /* XCRemoteSwiftPackageReference "SkeletonView" */,
			);
			productRefGroup = C682DE9B2609520A00F5329D /* Products */;
			projectDirPath = "";
			projectRoot = "";
			targets = (
				C682DE992609520A00F5329D /* MarvelExam */,
				C62BD143260BB92C0049BC5E /* MarvelExamDev */,
				C62F7A93260D59F70022A089 /* MarvelExamDevUITests */,
				C62F7AD4260D5AEC0022A089 /* MarvelExamDevTests */,
			);
		};
/* End PBXProject section */

/* Begin PBXResourcesBuildPhase section */
		C62BD158260BB92C0049BC5E /* Resources */ = {
			isa = PBXResourcesBuildPhase;
			buildActionMask = 2147483647;
			files = (
				C62BD190260BBDDF0049BC5E /* FetchCharactersResponse.json in Resources */,
				C62BD1FB260BF7550049BC5E /* CharacterDetailResponse.json in Resources */,
				C62BD159260BB92C0049BC5E /* .swiftlint.yml in Resources */,
				C62BD20D260BFA0A0049BC5E /* CharacterDetailViewController.xib in Resources */,
				C62BD15A260BB92C0049BC5E /* LaunchScreen.storyboard in Resources */,
				C62BD15B260BB92C0049BC5E /* Assets.xcassets in Resources */,
				C62BD15C260BB92C0049BC5E /* Main.storyboard in Resources */,
			);
			runOnlyForDeploymentPostprocessing = 0;
		};
		C62F7A92260D59F70022A089 /* Resources */ = {
			isa = PBXResourcesBuildPhase;
			buildActionMask = 2147483647;
			files = (
			);
			runOnlyForDeploymentPostprocessing = 0;
		};
		C62F7AD3260D5AEC0022A089 /* Resources */ = {
			isa = PBXResourcesBuildPhase;
			buildActionMask = 2147483647;
			files = (
			);
			runOnlyForDeploymentPostprocessing = 0;
		};
		C682DE982609520A00F5329D /* Resources */ = {
			isa = PBXResourcesBuildPhase;
			buildActionMask = 2147483647;
			files = (
				C62BD0FD260BA9B10049BC5E /* .swiftlint.yml in Resources */,
				C682DEAA2609520B00F5329D /* LaunchScreen.storyboard in Resources */,
				C682DEA72609520B00F5329D /* Assets.xcassets in Resources */,
				C62BD20C260BFA0A0049BC5E /* CharacterDetailViewController.xib in Resources */,
				C682DEA52609520A00F5329D /* Main.storyboard in Resources */,
			);
			runOnlyForDeploymentPostprocessing = 0;
		};
/* End PBXResourcesBuildPhase section */

/* Begin PBXShellScriptBuildPhase section */
		C62BD101260BA9CB0049BC5E /* ShellScript */ = {
			isa = PBXShellScriptBuildPhase;
			buildActionMask = 2147483647;
			files = (
			);
			inputFileListPaths = (
			);
			inputPaths = (
			);
			outputFileListPaths = (
			);
			outputPaths = (
			);
			runOnlyForDeploymentPostprocessing = 0;
			shellPath = /bin/sh;
			shellScript = "if which swiftlint >/dev/null; then\n  swiftlint\nelse\n  echo \"warning: SwiftLint not installed, download from https://github.com/realm/SwiftLint\"\nfi\n";
		};
		C62BD15D260BB92C0049BC5E /* ShellScript */ = {
			isa = PBXShellScriptBuildPhase;
			buildActionMask = 2147483647;
			files = (
			);
			inputFileListPaths = (
			);
			inputPaths = (
			);
			outputFileListPaths = (
			);
			outputPaths = (
			);
			runOnlyForDeploymentPostprocessing = 0;
			shellPath = /bin/sh;
			shellScript = "if which swiftlint >/dev/null; then\n  swiftlint\nelse\n  echo \"warning: SwiftLint not installed, download from https://github.com/realm/SwiftLint\"\nfi\n";
		};
/* End PBXShellScriptBuildPhase section */

/* Begin PBXSourcesBuildPhase section */
		C62BD146260BB92C0049BC5E /* Sources */ = {
			isa = PBXSourcesBuildPhase;
			buildActionMask = 2147483647;
			files = (
				C62BD1E0260BD3EF0049BC5E /* CharacterDetailPresenter.swift in Sources */,
				C62BD148260BB92C0049BC5E /* Character.swift in Sources */,
				C62BD180260BBB370049BC5E /* MarvelCharactersRepositoryMock.swift in Sources */,
				C62BD14A260BB92C0049BC5E /* CharactersListViewController.swift in Sources */,
				C62BD1E8260BD4390049BC5E /* CharacterDetailRequest.swift in Sources */,
				C62BD1A5260BCAE90049BC5E /* BaseViewController.swift in Sources */,
				C62BD1D9260BD3DE0049BC5E /* CharacterDetailInteractor.swift in Sources */,
				C62BD14D260BB92C0049BC5E /* CharactersListPresenter.swift in Sources */,
				C633490D260E65A4002B5D42 /* BaseTableViewCell.swift in Sources */,
				C62F7AEE260D5CC20022A089 /* MarvelRepositoryLogic.swift in Sources */,
				C62F7B02260D5D130022A089 /* NetworkingError.swift in Sources */,
				C62BD20B260BFA0A0049BC5E /* CharacterDetailViewController.swift in Sources */,
				C62BD187260BBCA00049BC5E /* UtilitiesWorker.swift in Sources */,
				C62BD14E260BB92C0049BC5E /* FetchCharactersResponse.swift in Sources */,
				C62BD14F260BB92C0049BC5E /* CharactersListRouter.swift in Sources */,
				C62BD1F3260BD4550049BC5E /* CharacterDetailResponse.swift in Sources */,
				C62BD150260BB92C0049BC5E /* AppDelegate.swift in Sources */,
				C62BD152260BB92C0049BC5E /* FetchCharactersModels.swift in Sources */,
				C62BD154260BB92C0049BC5E /* CharactersListInteractor.swift in Sources */,
				C62BD155260BB92C0049BC5E /* SceneDelegate.swift in Sources */,
			);
			runOnlyForDeploymentPostprocessing = 0;
		};
		C62F7A90260D59F70022A089 /* Sources */ = {
			isa = PBXSourcesBuildPhase;
			buildActionMask = 2147483647;
			files = (
				C62F7AA8260D5A200022A089 /* UITestHappyPath.swift in Sources */,
			);
			runOnlyForDeploymentPostprocessing = 0;
		};
		C62F7AD1260D5AEC0022A089 /* Sources */ = {
			isa = PBXSourcesBuildPhase;
			buildActionMask = 2147483647;
			files = (
				C63348C6260DA2F9002B5D42 /* CharacterListInteractorTest.swift in Sources */,
				C63348BC260D9F50002B5D42 /* Utilities.swift in Sources */,
				C6334890260D90E1002B5D42 /* CharactersListDisplayLogicSpy.swift in Sources */,
				C63348DE260E4707002B5D42 /* MarvelCharactersRepositoryErrorMock.swift in Sources */,
				C63348A0260D96C4002B5D42 /* CharactersListBusinessLogicSpy.swift in Sources */,
				C63348F1260E49CA002B5D42 /* CharacterDetailInteractorTest.swift in Sources */,
				C62F7AD8260D5AEC0022A089 /* CharacterListViewControllerTest.swift in Sources */,
				C633489A260D910A002B5D42 /* CharactersListPresentationLogicSpy.swift in Sources */,
				C63348D7260E416A002B5D42 /* CharacterDetailPresentationLogicSpy.swift in Sources */,
				C63348CD260E3F7D002B5D42 /* CharacterDetailBusinessLogicSpy.swift in Sources */,
				C63348FB260E51F3002B5D42 /* CharacterDetailPresenterTest.swift in Sources */,
				C6334901260E55A0002B5D42 /* CharacterDetailViewControllerTest.swift in Sources */,
				C63348E8260E485E002B5D42 /* CharacterDetailDisplayLogicSpy.swift in Sources */,
				C63348B5260D9805002B5D42 /* CharacterListPresenterTest.swift in Sources */,
			);
			runOnlyForDeploymentPostprocessing = 0;
		};
		C682DE962609520A00F5329D /* Sources */ = {
			isa = PBXSourcesBuildPhase;
			buildActionMask = 2147483647;
			files = (
				C692CC28260AA64800B34BEE /* URLSessionWorker.swift in Sources */,
				C6DEB8E1260A696900855358 /* Character.swift in Sources */,
				C62BD131260BB5970049BC5E /* MarvelCharactersRepository.swift in Sources */,
				C62BD1D8260BD3DE0049BC5E /* CharacterDetailInteractor.swift in Sources */,
				C62BD20A260BFA0A0049BC5E /* CharacterDetailViewController.swift in Sources */,
				C62F7AED260D5CC20022A089 /* MarvelRepositoryLogic.swift in Sources */,
				C62BD1E7260BD4390049BC5E /* CharacterDetailRequest.swift in Sources */,
				C682DED32609630100F5329D /* CharactersListViewController.swift in Sources */,
				C692CC36260AB83500B34BEE /* String+Extension.swift in Sources */,
				C62BD186260BBCA00049BC5E /* UtilitiesWorker.swift in Sources */,
				C62BD1A4260BCAE90049BC5E /* BaseViewController.swift in Sources */,
				C682DEE02609636A00F5329D /* CharactersListPresenter.swift in Sources */,
				C62BD139260BB6CA0049BC5E /* FetchCharactersResponse.swift in Sources */,
				C682DEE5260963C600F5329D /* CharactersListRouter.swift in Sources */,
				C62F7B01260D5D130022A089 /* NetworkingError.swift in Sources */,
				C682DE9E2609520A00F5329D /* AppDelegate.swift in Sources */,
				C6DEB8D8260A4CF700855358 /* FetchCharactersModels.swift in Sources */,
				C62BD126260BB2260049BC5E /* BaseRepository.swift in Sources */,
				C62BD1F2260BD4550049BC5E /* CharacterDetailResponse.swift in Sources */,
				C682DEDB2609635000F5329D /* CharactersListInteractor.swift in Sources */,
				C633490C260E65A4002B5D42 /* BaseTableViewCell.swift in Sources */,
				C62BD1DF260BD3EF0049BC5E /* CharacterDetailPresenter.swift in Sources */,
				C682DEA02609520A00F5329D /* SceneDelegate.swift in Sources */,
			);
			runOnlyForDeploymentPostprocessing = 0;
		};
/* End PBXSourcesBuildPhase section */

/* Begin PBXTargetDependency section */
		C62F7A9A260D59F80022A089 /* PBXTargetDependency */ = {
			isa = PBXTargetDependency;
			target = C62BD143260BB92C0049BC5E /* MarvelExamDev */;
			targetProxy = C62F7A99260D59F80022A089 /* PBXContainerItemProxy */;
		};
		C62F7ADB260D5AEC0022A089 /* PBXTargetDependency */ = {
			isa = PBXTargetDependency;
			target = C62BD143260BB92C0049BC5E /* MarvelExamDev */;
			targetProxy = C62F7ADA260D5AEC0022A089 /* PBXContainerItemProxy */;
		};
/* End PBXTargetDependency section */

/* Begin PBXVariantGroup section */
		C682DEA32609520A00F5329D /* Main.storyboard */ = {
			isa = PBXVariantGroup;
			children = (
				C682DEA42609520A00F5329D /* Base */,
			);
			name = Main.storyboard;
			sourceTree = "<group>";
		};
		C682DEA82609520B00F5329D /* LaunchScreen.storyboard */ = {
			isa = PBXVariantGroup;
			children = (
				C682DEA92609520B00F5329D /* Base */,
			);
			name = LaunchScreen.storyboard;
			sourceTree = "<group>";
		};
/* End PBXVariantGroup section */

/* Begin XCBuildConfiguration section */
		C62BD15F260BB92C0049BC5E /* Debug */ = {
			isa = XCBuildConfiguration;
			buildSettings = {
				ASSETCATALOG_COMPILER_APPICON_NAME = AppIcon;
				ASSETCATALOG_COMPILER_GLOBAL_ACCENT_COLOR_NAME = AccentColor;
				CODE_SIGN_STYLE = Automatic;
				INFOPLIST_FILE = MarvelExam/Support/MarvelExamDevInfo.plist;
				LD_RUNPATH_SEARCH_PATHS = (
					"$(inherited)",
					"@executable_path/Frameworks",
				);
				OTHER_SWIFT_FLAGS = "-DDEV";
				PRODUCT_BUNDLE_IDENTIFIER = mx.com.GAR.MarvelExamDev;
				PRODUCT_NAME = "$(TARGET_NAME)";
				SWIFT_VERSION = 5.0;
				TARGETED_DEVICE_FAMILY = 1;
			};
			name = Debug;
		};
		C62BD160260BB92C0049BC5E /* Release */ = {
			isa = XCBuildConfiguration;
			buildSettings = {
				ASSETCATALOG_COMPILER_APPICON_NAME = AppIcon;
				ASSETCATALOG_COMPILER_GLOBAL_ACCENT_COLOR_NAME = AccentColor;
				CODE_SIGN_STYLE = Automatic;
				INFOPLIST_FILE = MarvelExam/Support/MarvelExamDevInfo.plist;
				LD_RUNPATH_SEARCH_PATHS = (
					"$(inherited)",
					"@executable_path/Frameworks",
				);
				OTHER_SWIFT_FLAGS = "-DDEV";
				PRODUCT_BUNDLE_IDENTIFIER = mx.com.GAR.MarvelExamDev;
				PRODUCT_NAME = "$(TARGET_NAME)";
				SWIFT_VERSION = 5.0;
				TARGETED_DEVICE_FAMILY = 1;
			};
			name = Release;
		};
		C62F7A9C260D59F80022A089 /* Debug */ = {
			isa = XCBuildConfiguration;
			buildSettings = {
				CODE_SIGN_STYLE = Automatic;
				INFOPLIST_FILE = MarvelExamDevUITests/Info.plist;
				IPHONEOS_DEPLOYMENT_TARGET = 14.4;
				LD_RUNPATH_SEARCH_PATHS = (
					"$(inherited)",
					"@executable_path/Frameworks",
					"@loader_path/Frameworks",
				);
				PRODUCT_BUNDLE_IDENTIFIER = mx.com.GAR.MarvelExamDevUITests;
				PRODUCT_NAME = "$(TARGET_NAME)";
				SWIFT_VERSION = 5.0;
				TARGETED_DEVICE_FAMILY = "1,2";
				TEST_TARGET_NAME = MarvelExamDev;
			};
			name = Debug;
		};
		C62F7A9D260D59F80022A089 /* Release */ = {
			isa = XCBuildConfiguration;
			buildSettings = {
				CODE_SIGN_STYLE = Automatic;
				INFOPLIST_FILE = MarvelExamDevUITests/Info.plist;
				IPHONEOS_DEPLOYMENT_TARGET = 14.4;
				LD_RUNPATH_SEARCH_PATHS = (
					"$(inherited)",
					"@executable_path/Frameworks",
					"@loader_path/Frameworks",
				);
				PRODUCT_BUNDLE_IDENTIFIER = mx.com.GAR.MarvelExamDevUITests;
				PRODUCT_NAME = "$(TARGET_NAME)";
				SWIFT_VERSION = 5.0;
				TARGETED_DEVICE_FAMILY = "1,2";
				TEST_TARGET_NAME = MarvelExamDev;
			};
			name = Release;
		};
		C62F7ADD260D5AEC0022A089 /* Debug */ = {
			isa = XCBuildConfiguration;
			buildSettings = {
				BUNDLE_LOADER = "$(TEST_HOST)";
				CODE_SIGN_STYLE = Automatic;
				INFOPLIST_FILE = MarvelExamDevTests/Info.plist;
				IPHONEOS_DEPLOYMENT_TARGET = 14.4;
				LD_RUNPATH_SEARCH_PATHS = (
					"$(inherited)",
					"@executable_path/Frameworks",
					"@loader_path/Frameworks",
				);
				PRODUCT_BUNDLE_IDENTIFIER = mx.com.GAR.MarvelExamDevTests;
				PRODUCT_NAME = "$(TARGET_NAME)";
				SWIFT_VERSION = 5.0;
				TARGETED_DEVICE_FAMILY = "1,2";
				TEST_HOST = "$(BUILT_PRODUCTS_DIR)/MarvelExamDev.app/MarvelExamDev";
			};
			name = Debug;
		};
		C62F7ADE260D5AEC0022A089 /* Release */ = {
			isa = XCBuildConfiguration;
			buildSettings = {
				BUNDLE_LOADER = "$(TEST_HOST)";
				CODE_SIGN_STYLE = Automatic;
				INFOPLIST_FILE = MarvelExamDevTests/Info.plist;
				IPHONEOS_DEPLOYMENT_TARGET = 14.4;
				LD_RUNPATH_SEARCH_PATHS = (
					"$(inherited)",
					"@executable_path/Frameworks",
					"@loader_path/Frameworks",
				);
				PRODUCT_BUNDLE_IDENTIFIER = mx.com.GAR.MarvelExamDevTests;
				PRODUCT_NAME = "$(TARGET_NAME)";
				SWIFT_VERSION = 5.0;
				TARGETED_DEVICE_FAMILY = "1,2";
				TEST_HOST = "$(BUILT_PRODUCTS_DIR)/MarvelExamDev.app/MarvelExamDev";
			};
			name = Release;
		};
		C682DEC22609520B00F5329D /* Debug */ = {
			isa = XCBuildConfiguration;
			buildSettings = {
				ALWAYS_SEARCH_USER_PATHS = NO;
				CLANG_ANALYZER_NONNULL = YES;
				CLANG_ANALYZER_NUMBER_OBJECT_CONVERSION = YES_AGGRESSIVE;
				CLANG_CXX_LANGUAGE_STANDARD = "gnu++14";
				CLANG_CXX_LIBRARY = "libc++";
				CLANG_ENABLE_MODULES = YES;
				CLANG_ENABLE_OBJC_ARC = YES;
				CLANG_ENABLE_OBJC_WEAK = YES;
				CLANG_WARN_BLOCK_CAPTURE_AUTORELEASING = YES;
				CLANG_WARN_BOOL_CONVERSION = YES;
				CLANG_WARN_COMMA = YES;
				CLANG_WARN_CONSTANT_CONVERSION = YES;
				CLANG_WARN_DEPRECATED_OBJC_IMPLEMENTATIONS = YES;
				CLANG_WARN_DIRECT_OBJC_ISA_USAGE = YES_ERROR;
				CLANG_WARN_DOCUMENTATION_COMMENTS = YES;
				CLANG_WARN_EMPTY_BODY = YES;
				CLANG_WARN_ENUM_CONVERSION = YES;
				CLANG_WARN_INFINITE_RECURSION = YES;
				CLANG_WARN_INT_CONVERSION = YES;
				CLANG_WARN_NON_LITERAL_NULL_CONVERSION = YES;
				CLANG_WARN_OBJC_IMPLICIT_RETAIN_SELF = YES;
				CLANG_WARN_OBJC_LITERAL_CONVERSION = YES;
				CLANG_WARN_OBJC_ROOT_CLASS = YES_ERROR;
				CLANG_WARN_QUOTED_INCLUDE_IN_FRAMEWORK_HEADER = YES;
				CLANG_WARN_RANGE_LOOP_ANALYSIS = YES;
				CLANG_WARN_STRICT_PROTOTYPES = YES;
				CLANG_WARN_SUSPICIOUS_MOVE = YES;
				CLANG_WARN_UNGUARDED_AVAILABILITY = YES_AGGRESSIVE;
				CLANG_WARN_UNREACHABLE_CODE = YES;
				CLANG_WARN__DUPLICATE_METHOD_MATCH = YES;
				COPY_PHASE_STRIP = NO;
				DEBUG_INFORMATION_FORMAT = dwarf;
				ENABLE_STRICT_OBJC_MSGSEND = YES;
				ENABLE_TESTABILITY = YES;
				GCC_C_LANGUAGE_STANDARD = gnu11;
				GCC_DYNAMIC_NO_PIC = NO;
				GCC_NO_COMMON_BLOCKS = YES;
				GCC_OPTIMIZATION_LEVEL = 0;
				GCC_PREPROCESSOR_DEFINITIONS = (
					"DEBUG=1",
					"$(inherited)",
				);
				GCC_WARN_64_TO_32_BIT_CONVERSION = YES;
				GCC_WARN_ABOUT_RETURN_TYPE = YES_ERROR;
				GCC_WARN_UNDECLARED_SELECTOR = YES;
				GCC_WARN_UNINITIALIZED_AUTOS = YES_AGGRESSIVE;
				GCC_WARN_UNUSED_FUNCTION = YES;
				GCC_WARN_UNUSED_VARIABLE = YES;
				IPHONEOS_DEPLOYMENT_TARGET = 13.0;
				MTL_ENABLE_DEBUG_INFO = INCLUDE_SOURCE;
				MTL_FAST_MATH = YES;
				ONLY_ACTIVE_ARCH = YES;
				SDKROOT = iphoneos;
				SWIFT_ACTIVE_COMPILATION_CONDITIONS = DEBUG;
				SWIFT_OPTIMIZATION_LEVEL = "-Onone";
				SWIFT_VERSION = "";
			};
			name = Debug;
		};
		C682DEC32609520B00F5329D /* Release */ = {
			isa = XCBuildConfiguration;
			buildSettings = {
				ALWAYS_SEARCH_USER_PATHS = NO;
				CLANG_ANALYZER_NONNULL = YES;
				CLANG_ANALYZER_NUMBER_OBJECT_CONVERSION = YES_AGGRESSIVE;
				CLANG_CXX_LANGUAGE_STANDARD = "gnu++14";
				CLANG_CXX_LIBRARY = "libc++";
				CLANG_ENABLE_MODULES = YES;
				CLANG_ENABLE_OBJC_ARC = YES;
				CLANG_ENABLE_OBJC_WEAK = YES;
				CLANG_WARN_BLOCK_CAPTURE_AUTORELEASING = YES;
				CLANG_WARN_BOOL_CONVERSION = YES;
				CLANG_WARN_COMMA = YES;
				CLANG_WARN_CONSTANT_CONVERSION = YES;
				CLANG_WARN_DEPRECATED_OBJC_IMPLEMENTATIONS = YES;
				CLANG_WARN_DIRECT_OBJC_ISA_USAGE = YES_ERROR;
				CLANG_WARN_DOCUMENTATION_COMMENTS = YES;
				CLANG_WARN_EMPTY_BODY = YES;
				CLANG_WARN_ENUM_CONVERSION = YES;
				CLANG_WARN_INFINITE_RECURSION = YES;
				CLANG_WARN_INT_CONVERSION = YES;
				CLANG_WARN_NON_LITERAL_NULL_CONVERSION = YES;
				CLANG_WARN_OBJC_IMPLICIT_RETAIN_SELF = YES;
				CLANG_WARN_OBJC_LITERAL_CONVERSION = YES;
				CLANG_WARN_OBJC_ROOT_CLASS = YES_ERROR;
				CLANG_WARN_QUOTED_INCLUDE_IN_FRAMEWORK_HEADER = YES;
				CLANG_WARN_RANGE_LOOP_ANALYSIS = YES;
				CLANG_WARN_STRICT_PROTOTYPES = YES;
				CLANG_WARN_SUSPICIOUS_MOVE = YES;
				CLANG_WARN_UNGUARDED_AVAILABILITY = YES_AGGRESSIVE;
				CLANG_WARN_UNREACHABLE_CODE = YES;
				CLANG_WARN__DUPLICATE_METHOD_MATCH = YES;
				COPY_PHASE_STRIP = NO;
				DEBUG_INFORMATION_FORMAT = "dwarf-with-dsym";
				ENABLE_NS_ASSERTIONS = NO;
				ENABLE_STRICT_OBJC_MSGSEND = YES;
				GCC_C_LANGUAGE_STANDARD = gnu11;
				GCC_NO_COMMON_BLOCKS = YES;
				GCC_WARN_64_TO_32_BIT_CONVERSION = YES;
				GCC_WARN_ABOUT_RETURN_TYPE = YES_ERROR;
				GCC_WARN_UNDECLARED_SELECTOR = YES;
				GCC_WARN_UNINITIALIZED_AUTOS = YES_AGGRESSIVE;
				GCC_WARN_UNUSED_FUNCTION = YES;
				GCC_WARN_UNUSED_VARIABLE = YES;
				IPHONEOS_DEPLOYMENT_TARGET = 13.0;
				MTL_ENABLE_DEBUG_INFO = NO;
				MTL_FAST_MATH = YES;
				SDKROOT = iphoneos;
				SWIFT_COMPILATION_MODE = wholemodule;
				SWIFT_OPTIMIZATION_LEVEL = "-O";
				SWIFT_VERSION = "";
				VALIDATE_PRODUCT = YES;
			};
			name = Release;
		};
		C682DEC52609520B00F5329D /* Debug */ = {
			isa = XCBuildConfiguration;
			buildSettings = {
				ASSETCATALOG_COMPILER_APPICON_NAME = AppIcon;
				ASSETCATALOG_COMPILER_GLOBAL_ACCENT_COLOR_NAME = AccentColor;
				CODE_SIGN_STYLE = Automatic;
				INFOPLIST_FILE = MarvelExam/Support/MarvelExamInfo.plist;
				LD_RUNPATH_SEARCH_PATHS = (
					"$(inherited)",
					"@executable_path/Frameworks",
				);
				OTHER_SWIFT_FLAGS = "-DPRODUCTION";
				PRODUCT_BUNDLE_IDENTIFIER = mx.com.GAR.MarvelExam;
				PRODUCT_NAME = "$(TARGET_NAME)";
				SWIFT_VERSION = 5.0;
				TARGETED_DEVICE_FAMILY = 1;
			};
			name = Debug;
		};
		C682DEC62609520B00F5329D /* Release */ = {
			isa = XCBuildConfiguration;
			buildSettings = {
				ASSETCATALOG_COMPILER_APPICON_NAME = AppIcon;
				ASSETCATALOG_COMPILER_GLOBAL_ACCENT_COLOR_NAME = AccentColor;
				CODE_SIGN_STYLE = Automatic;
				INFOPLIST_FILE = MarvelExam/Support/MarvelExamInfo.plist;
				LD_RUNPATH_SEARCH_PATHS = (
					"$(inherited)",
					"@executable_path/Frameworks",
				);
				OTHER_SWIFT_FLAGS = "-DPRODUCTION";
				PRODUCT_BUNDLE_IDENTIFIER = mx.com.GAR.MarvelExam;
				PRODUCT_NAME = "$(TARGET_NAME)";
				SWIFT_VERSION = 5.0;
				TARGETED_DEVICE_FAMILY = 1;
			};
			name = Release;
		};
/* End XCBuildConfiguration section */

/* Begin XCConfigurationList section */
		C62BD15E260BB92C0049BC5E /* Build configuration list for PBXNativeTarget "MarvelExamDev" */ = {
			isa = XCConfigurationList;
			buildConfigurations = (
				C62BD15F260BB92C0049BC5E /* Debug */,
				C62BD160260BB92C0049BC5E /* Release */,
			);
			defaultConfigurationIsVisible = 0;
			defaultConfigurationName = Release;
		};
		C62F7A9B260D59F80022A089 /* Build configuration list for PBXNativeTarget "MarvelExamDevUITests" */ = {
			isa = XCConfigurationList;
			buildConfigurations = (
				C62F7A9C260D59F80022A089 /* Debug */,
				C62F7A9D260D59F80022A089 /* Release */,
			);
			defaultConfigurationIsVisible = 0;
			defaultConfigurationName = Release;
		};
		C62F7ADC260D5AEC0022A089 /* Build configuration list for PBXNativeTarget "MarvelExamDevTests" */ = {
			isa = XCConfigurationList;
			buildConfigurations = (
				C62F7ADD260D5AEC0022A089 /* Debug */,
				C62F7ADE260D5AEC0022A089 /* Release */,
			);
			defaultConfigurationIsVisible = 0;
			defaultConfigurationName = Release;
		};
		C682DE952609520A00F5329D /* Build configuration list for PBXProject "MarvelExam" */ = {
			isa = XCConfigurationList;
			buildConfigurations = (
				C682DEC22609520B00F5329D /* Debug */,
				C682DEC32609520B00F5329D /* Release */,
			);
			defaultConfigurationIsVisible = 0;
			defaultConfigurationName = Release;
		};
		C682DEC42609520B00F5329D /* Build configuration list for PBXNativeTarget "MarvelExam" */ = {
			isa = XCConfigurationList;
			buildConfigurations = (
				C682DEC52609520B00F5329D /* Debug */,
				C682DEC62609520B00F5329D /* Release */,
			);
			defaultConfigurationIsVisible = 0;
			defaultConfigurationName = Release;
		};
/* End XCConfigurationList section */

/* Begin XCRemoteSwiftPackageReference section */
		C62BD0F0260BA7C60049BC5E /* XCRemoteSwiftPackageReference "Kingfisher" */ = {
			isa = XCRemoteSwiftPackageReference;
			repositoryURL = "https://github.com/onevcat/Kingfisher.git";
			requirement = {
				kind = upToNextMajorVersion;
				minimumVersion = 6.2.1;
			};
		};
		C62BD145260BB92C0049BC5E /* XCRemoteSwiftPackageReference "Kingfisher" */ = {
			isa = XCRemoteSwiftPackageReference;
			repositoryURL = "https://github.com/onevcat/Kingfisher.git";
			requirement = {
				kind = upToNextMajorVersion;
				minimumVersion = 6.2.1;
			};
		};
		C62BD195260BCAB70049BC5E /* XCRemoteSwiftPackageReference "MBProgressHUD" */ = {
			isa = XCRemoteSwiftPackageReference;
			repositoryURL = "https://github.com/jdg/MBProgressHUD.git";
			requirement = {
				kind = upToNextMajorVersion;
				minimumVersion = 1.2.0;
			};
		};
		C62BD212260BFDC20049BC5E /* XCRemoteSwiftPackageReference "SkeletonView" */ = {
			isa = XCRemoteSwiftPackageReference;
			repositoryURL = "https://github.com/Juanpe/SkeletonView.git";
			requirement = {
				kind = upToNextMajorVersion;
				minimumVersion = 1.13.0;
			};
		};
/* End XCRemoteSwiftPackageReference section */

/* Begin XCSwiftPackageProductDependency section */
		C62BD0F1260BA7C60049BC5E /* Kingfisher */ = {
			isa = XCSwiftPackageProductDependency;
			package = C62BD0F0260BA7C60049BC5E /* XCRemoteSwiftPackageReference "Kingfisher" */;
			productName = Kingfisher;
		};
		C62BD144260BB92C0049BC5E /* Kingfisher */ = {
			isa = XCSwiftPackageProductDependency;
			package = C62BD145260BB92C0049BC5E /* XCRemoteSwiftPackageReference "Kingfisher" */;
			productName = Kingfisher;
		};
		C62BD196260BCAB70049BC5E /* MBProgressHUD */ = {
			isa = XCSwiftPackageProductDependency;
			package = C62BD195260BCAB70049BC5E /* XCRemoteSwiftPackageReference "MBProgressHUD" */;
			productName = MBProgressHUD;
		};
		C62BD19D260BCACD0049BC5E /* MBProgressHUD */ = {
			isa = XCSwiftPackageProductDependency;
			package = C62BD195260BCAB70049BC5E /* XCRemoteSwiftPackageReference "MBProgressHUD" */;
			productName = MBProgressHUD;
		};
		C62BD213260BFDC20049BC5E /* SkeletonView */ = {
			isa = XCSwiftPackageProductDependency;
			package = C62BD212260BFDC20049BC5E /* XCRemoteSwiftPackageReference "SkeletonView" */;
			productName = SkeletonView;
		};
		C62BD219260BFDCF0049BC5E /* SkeletonView */ = {
			isa = XCSwiftPackageProductDependency;
			package = C62BD212260BFDC20049BC5E /* XCRemoteSwiftPackageReference "SkeletonView" */;
			productName = SkeletonView;
		};
/* End XCSwiftPackageProductDependency section */
	};
	rootObject = C682DE922609520A00F5329D /* Project object */;
}
